
Microsoft Visual Studio Solution File, Format Version 12.00
# Visual Studio Version 18
VisualStudioVersion = 18.3.11505.172 d18.3
MinimumVisualStudioVersion = 10.0.40219.1
Project("{2150E333-8FDC-42A3-9474-1A3956D46DE8}") = "src", "src", "{827E0CD3-B72D-47B6-A68D-7590B98EB39B}"
EndProject
Project("{FAE04EC0-301F-11D3-BF4B-00C04F79EFBC}") = "Deda.Core", "src\Deda.Core\Deda.Core.csproj", "{FE2D4376-2132-4E23-A82E-4CCF78AD5D9B}"
EndProject
Project("{FAE04EC0-301F-11D3-BF4B-00C04F79EFBC}") = "Deda.Controller", "src\Deda.Controller\Deda.Controller.csproj", "{204F073C-3BE4-4224-A138-1F01CF524853}"
EndProject
Project("{FAE04EC0-301F-11D3-BF4B-00C04F79EFBC}") = "Deda.Swarm", "src\Deda.Swarm\Deda.Swarm.csproj", "{2C27C509-7904-426B-9D0E-46CF8D37BB9B}"
EndProject
Project("{FAE04EC0-301F-11D3-BF4B-00C04F79EFBC}") = "Deda.Config.Labels", "src\Deda.Config.Labels\Deda.Config.Labels.csproj", "{DE6FCEC0-8BFE-49C2-97B1-2FA211421F10}"
EndProject
Project("{FAE04EC0-301F-11D3-BF4B-00C04F79EFBC}") = "Deda.Triggers.Abstractions", "src\Deda.Triggers.Abstractions\Deda.Triggers.Abstractions.csproj", "{9ADD58AA-CDBA-4DC6-9515-7BBEC335860B}"
EndProject
Project("{FAE04EC0-301F-11D3-BF4B-00C04F79EFBC}") = "Deda.Triggers.Prometheus", "src\Deda.Triggers.Prometheus\Deda.Triggers.Prometheus.csproj", "{0EA1FCFA-45D4-4528-94E4-9395DE9512BB}"
EndProject
Project("{FAE04EC0-301F-11D3-BF4B-00C04F79EFBC}") = "Deda.Triggers.RabbitMq", "src\Deda.Triggers.RabbitMq\Deda.Triggers.RabbitMq.csproj", "{DABC38F6-9A74-4970-B8B0-1A2B0F3A9ED7}"
EndProject
Project("{FAE04EC0-301F-11D3-BF4B-00C04F79EFBC}") = "Deda.Updates", "src\Deda.Updates\Deda.Updates.csproj", "{F0071606-4045-413D-B312-BBE75B176F28}"
EndProject
Project("{FAE04EC0-301F-11D3-BF4B-00C04F79EFBC}") = "Deda.HA", "src\Deda.HA\Deda.HA.csproj", "{87D651AE-481F-48CE-AA51-5856A3B26484}"
EndProject
Project("{FAE04EC0-301F-11D3-BF4B-00C04F79EFBC}") = "Deda.Observability", "src\Deda.Observability\Deda.Observability.csproj", "{5D97B088-07CD-44D6-BD0C-9CC95540058B}"
EndProject
Project("{FAE04EC0-301F-11D3-BF4B-00C04F79EFBC}") = "Deda.Host", "src\Deda.Host\Deda.Host.csproj", "{B909910F-E290-44D4-A4A9-B982FB2E91BB}"
EndProject
Project("{2150E333-8FDC-42A3-9474-1A3956D46DE8}") = "tests", "tests", "{0AB3BF05-4346-4AA6-1389-037BE0695223}"
EndProject
Project("{FAE04EC0-301F-11D3-BF4B-00C04F79EFBC}") = "Deda.Core.Tests", "tests\Deda.Core.Tests\Deda.Core.Tests.csproj", "{45A1BD64-6A0C-4F9B-9C80-E7C83CD2C064}"
EndProject
Project("{FAE04EC0-301F-11D3-BF4B-00C04F79EFBC}") = "Deda.Controller.Tests", "tests\Deda.Controller.Tests\Deda.Controller.Tests.csproj", "{815213B9-971A-4A3D-A705-865BA6FAED6C}"
EndProject
Project("{FAE04EC0-301F-11D3-BF4B-00C04F79EFBC}") = "Deda.Integration.Tests", "tests\Deda.Integration.Tests\Deda.Integration.Tests.csproj", "{6165659C-79AB-4E66-BE72-9F5875F2CA7C}"
EndProject
Project("{FAE04EC0-301F-11D3-BF4B-00C04F79EFBC}") = "Deda.Policies", "src\Deda.Policies\Deda.Policies.csproj", "{33C240E9-593B-453F-9741-69C92E841A9B}"
EndProject
Project("{2150E333-8FDC-42A3-9474-1A3956D46DE8}") = "tools", "tools", "{02246D07-300E-4E0B-AA31-DFCC167CDAD7}"
EndProject
Project("{2150E333-8FDC-42A3-9474-1A3956D46DE8}") = "docker-deda", "docker-deda", "{727D7FB6-45E6-4A3B-8ECC-48C79983AF5C}"
EndProject
Project("{FAE04EC0-301F-11D3-BF4B-00C04F79EFBC}") = "Docker.Deda.Cli", "src\tools\Docker.Deda.Cli\Docker.Deda.Cli.csproj", "{85D7CD03-34E4-4663-B2BE-85A3175567C5}"
EndProject
Global
	GlobalSection(SolutionConfigurationPlatforms) = preSolution
		Debug|Any CPU = Debug|Any CPU
		Debug|x64 = Debug|x64
		Debug|x86 = Debug|x86
		Release|Any CPU = Release|Any CPU
		Release|x64 = Release|x64
		Release|x86 = Release|x86
	EndGlobalSection
	GlobalSection(ProjectConfigurationPlatforms) = postSolution
		{FE2D4376-2132-4E23-A82E-4CCF78AD5D9B}.Debug|Any CPU.ActiveCfg = Debug|Any CPU
		{FE2D4376-2132-4E23-A82E-4CCF78AD5D9B}.Debug|Any CPU.Build.0 = Debug|Any CPU
		{FE2D4376-2132-4E23-A82E-4CCF78AD5D9B}.Debug|x64.ActiveCfg = Debug|Any CPU
		{FE2D4376-2132-4E23-A82E-4CCF78AD5D9B}.Debug|x64.Build.0 = Debug|Any CPU
		{FE2D4376-2132-4E23-A82E-4CCF78AD5D9B}.Debug|x86.ActiveCfg = Debug|Any CPU
		{FE2D4376-2132-4E23-A82E-4CCF78AD5D9B}.Debug|x86.Build.0 = Debug|Any CPU
		{FE2D4376-2132-4E23-A82E-4CCF78AD5D9B}.Release|Any CPU.ActiveCfg = Release|Any CPU
		{FE2D4376-2132-4E23-A82E-4CCF78AD5D9B}.Release|Any CPU.Build.0 = Release|Any CPU
		{FE2D4376-2132-4E23-A82E-4CCF78AD5D9B}.Release|x64.ActiveCfg = Release|Any CPU
		{FE2D4376-2132-4E23-A82E-4CCF78AD5D9B}.Release|x64.Build.0 = Release|Any CPU
		{FE2D4376-2132-4E23-A82E-4CCF78AD5D9B}.Release|x86.ActiveCfg = Release|Any CPU
		{FE2D4376-2132-4E23-A82E-4CCF78AD5D9B}.Release|x86.Build.0 = Release|Any CPU
		{204F073C-3BE4-4224-A138-1F01CF524853}.Debug|Any CPU.ActiveCfg = Debug|Any CPU
		{204F073C-3BE4-4224-A138-1F01CF524853}.Debug|Any CPU.Build.0 = Debug|Any CPU
		{204F073C-3BE4-4224-A138-1F01CF524853}.Debug|x64.ActiveCfg = Debug|Any CPU
		{204F073C-3BE4-4224-A138-1F01CF524853}.Debug|x64.Build.0 = Debug|Any CPU
		{204F073C-3BE4-4224-A138-1F01CF524853}.Debug|x86.ActiveCfg = Debug|Any CPU
		{204F073C-3BE4-4224-A138-1F01CF524853}.Debug|x86.Build.0 = Debug|Any CPU
		{204F073C-3BE4-4224-A138-1F01CF524853}.Release|Any CPU.ActiveCfg = Release|Any CPU
		{204F073C-3BE4-4224-A138-1F01CF524853}.Release|Any CPU.Build.0 = Release|Any CPU
		{204F073C-3BE4-4224-A138-1F01CF524853}.Release|x64.ActiveCfg = Release|Any CPU
		{204F073C-3BE4-4224-A138-1F01CF524853}.Release|x64.Build.0 = Release|Any CPU
		{204F073C-3BE4-4224-A138-1F01CF524853}.Release|x86.ActiveCfg = Release|Any CPU
		{204F073C-3BE4-4224-A138-1F01CF524853}.Release|x86.Build.0 = Release|Any CPU
		{2C27C509-7904-426B-9D0E-46CF8D37BB9B}.Debug|Any CPU.ActiveCfg = Debug|Any CPU
		{2C27C509-7904-426B-9D0E-46CF8D37BB9B}.Debug|Any CPU.Build.0 = Debug|Any CPU
		{2C27C509-7904-426B-9D0E-46CF8D37BB9B}.Debug|x64.ActiveCfg = Debug|Any CPU
		{2C27C509-7904-426B-9D0E-46CF8D37BB9B}.Debug|x64.Build.0 = Debug|Any CPU
		{2C27C509-7904-426B-9D0E-46CF8D37BB9B}.Debug|x86.ActiveCfg = Debug|Any CPU
		{2C27C509-7904-426B-9D0E-46CF8D37BB9B}.Debug|x86.Build.0 = Debug|Any CPU
		{2C27C509-7904-426B-9D0E-46CF8D37BB9B}.Release|Any CPU.ActiveCfg = Release|Any CPU
		{2C27C509-7904-426B-9D0E-46CF8D37BB9B}.Release|Any CPU.Build.0 = Release|Any CPU
		{2C27C509-7904-426B-9D0E-46CF8D37BB9B}.Release|x64.ActiveCfg = Release|Any CPU
		{2C27C509-7904-426B-9D0E-46CF8D37BB9B}.Release|x64.Build.0 = Release|Any CPU
		{2C27C509-7904-426B-9D0E-46CF8D37BB9B}.Release|x86.ActiveCfg = Release|Any CPU
		{2C27C509-7904-426B-9D0E-46CF8D37BB9B}.Release|x86.Build.0 = Release|Any CPU
		{DE6FCEC0-8BFE-49C2-97B1-2FA211421F10}.Debug|Any CPU.ActiveCfg = Debug|Any CPU
		{DE6FCEC0-8BFE-49C2-97B1-2FA211421F10}.Debug|Any CPU.Build.0 = Debug|Any CPU
		{DE6FCEC0-8BFE-49C2-97B1-2FA211421F10}.Debug|x64.ActiveCfg = Debug|Any CPU
		{DE6FCEC0-8BFE-49C2-97B1-2FA211421F10}.Debug|x64.Build.0 = Debug|Any CPU
		{DE6FCEC0-8BFE-49C2-97B1-2FA211421F10}.Debug|x86.ActiveCfg = Debug|Any CPU
		{DE6FCEC0-8BFE-49C2-97B1-2FA211421F10}.Debug|x86.Build.0 = Debug|Any CPU
		{DE6FCEC0-8BFE-49C2-97B1-2FA211421F10}.Release|Any CPU.ActiveCfg = Release|Any CPU
		{DE6FCEC0-8BFE-49C2-97B1-2FA211421F10}.Release|Any CPU.Build.0 = Release|Any CPU
		{DE6FCEC0-8BFE-49C2-97B1-2FA211421F10}.Release|x64.ActiveCfg = Release|Any CPU
		{DE6FCEC0-8BFE-49C2-97B1-2FA211421F10}.Release|x64.Build.0 = Release|Any CPU
		{DE6FCEC0-8BFE-49C2-97B1-2FA211421F10}.Release|x86.ActiveCfg = Release|Any CPU
		{DE6FCEC0-8BFE-49C2-97B1-2FA211421F10}.Release|x86.Build.0 = Release|Any CPU
		{9ADD58AA-CDBA-4DC6-9515-7BBEC335860B}.Debug|Any CPU.ActiveCfg = Debug|Any CPU
		{9ADD58AA-CDBA-4DC6-9515-7BBEC335860B}.Debug|Any CPU.Build.0 = Debug|Any CPU
		{9ADD58AA-CDBA-4DC6-9515-7BBEC335860B}.Debug|x64.ActiveCfg = Debug|Any CPU
		{9ADD58AA-CDBA-4DC6-9515-7BBEC335860B}.Debug|x64.Build.0 = Debug|Any CPU
		{9ADD58AA-CDBA-4DC6-9515-7BBEC335860B}.Debug|x86.ActiveCfg = Debug|Any CPU
		{9ADD58AA-CDBA-4DC6-9515-7BBEC335860B}.Debug|x86.Build.0 = Debug|Any CPU
		{9ADD58AA-CDBA-4DC6-9515-7BBEC335860B}.Release|Any CPU.ActiveCfg = Release|Any CPU
		{9ADD58AA-CDBA-4DC6-9515-7BBEC335860B}.Release|Any CPU.Build.0 = Release|Any CPU
		{9ADD58AA-CDBA-4DC6-9515-7BBEC335860B}.Release|x64.ActiveCfg = Release|Any CPU
		{9ADD58AA-CDBA-4DC6-9515-7BBEC335860B}.Release|x64.Build.0 = Release|Any CPU
		{9ADD58AA-CDBA-4DC6-9515-7BBEC335860B}.Release|x86.ActiveCfg = Release|Any CPU
		{9ADD58AA-CDBA-4DC6-9515-7BBEC335860B}.Release|x86.Build.0 = Release|Any CPU
		{0EA1FCFA-45D4-4528-94E4-9395DE9512BB}.Debug|Any CPU.ActiveCfg = Debug|Any CPU
		{0EA1FCFA-45D4-4528-94E4-9395DE9512BB}.Debug|Any CPU.Build.0 = Debug|Any CPU
		{0EA1FCFA-45D4-4528-94E4-9395DE9512BB}.Debug|x64.ActiveCfg = Debug|Any CPU
		{0EA1FCFA-45D4-4528-94E4-9395DE9512BB}.Debug|x64.Build.0 = Debug|Any CPU
		{0EA1FCFA-45D4-4528-94E4-9395DE9512BB}.Debug|x86.ActiveCfg = Debug|Any CPU
		{0EA1FCFA-45D4-4528-94E4-9395DE9512BB}.Debug|x86.Build.0 = Debug|Any CPU
		{0EA1FCFA-45D4-4528-94E4-9395DE9512BB}.Release|Any CPU.ActiveCfg = Release|Any CPU
		{0EA1FCFA-45D4-4528-94E4-9395DE9512BB}.Release|Any CPU.Build.0 = Release|Any CPU
		{0EA1FCFA-45D4-4528-94E4-9395DE9512BB}.Release|x64.ActiveCfg = Release|Any CPU
		{0EA1FCFA-45D4-4528-94E4-9395DE9512BB}.Release|x64.Build.0 = Release|Any CPU
		{0EA1FCFA-45D4-4528-94E4-9395DE9512BB}.Release|x86.ActiveCfg = Release|Any CPU
		{0EA1FCFA-45D4-4528-94E4-9395DE9512BB}.Release|x86.Build.0 = Release|Any CPU
		{DABC38F6-9A74-4970-B8B0-1A2B0F3A9ED7}.Debug|Any CPU.ActiveCfg = Debug|Any CPU
		{DABC38F6-9A74-4970-B8B0-1A2B0F3A9ED7}.Debug|Any CPU.Build.0 = Debug|Any CPU
		{DABC38F6-9A74-4970-B8B0-1A2B0F3A9ED7}.Debug|x64.ActiveCfg = Debug|Any CPU
		{DABC38F6-9A74-4970-B8B0-1A2B0F3A9ED7}.Debug|x64.Build.0 = Debug|Any CPU
		{DABC38F6-9A74-4970-B8B0-1A2B0F3A9ED7}.Debug|x86.ActiveCfg = Debug|Any CPU
		{DABC38F6-9A74-4970-B8B0-1A2B0F3A9ED7}.Debug|x86.Build.0 = Debug|Any CPU
		{DABC38F6-9A74-4970-B8B0-1A2B0F3A9ED7}.Release|Any CPU.ActiveCfg = Release|Any CPU
		{DABC38F6-9A74-4970-B8B0-1A2B0F3A9ED7}.Release|Any CPU.Build.0 = Release|Any CPU
		{DABC38F6-9A74-4970-B8B0-1A2B0F3A9ED7}.Release|x64.ActiveCfg = Release|Any CPU
		{DABC38F6-9A74-4970-B8B0-1A2B0F3A9ED7}.Release|x64.Build.0 = Release|Any CPU
		{DABC38F6-9A74-4970-B8B0-1A2B0F3A9ED7}.Release|x86.ActiveCfg = Release|Any CPU
		{DABC38F6-9A74-4970-B8B0-1A2B0F3A9ED7}.Release|x86.Build.0 = Release|Any CPU
		{F0071606-4045-413D-B312-BBE75B176F28}.Debug|Any CPU.ActiveCfg = Debug|Any CPU
		{F0071606-4045-413D-B312-BBE75B176F28}.Debug|Any CPU.Build.0 = Debug|Any CPU
		{F0071606-4045-413D-B312-BBE75B176F28}.Debug|x64.ActiveCfg = Debug|Any CPU
		{F0071606-4045-413D-B312-BBE75B176F28}.Debug|x64.Build.0 = Debug|Any CPU
		{F0071606-4045-413D-B312-BBE75B176F28}.Debug|x86.ActiveCfg = Debug|Any CPU
		{F0071606-4045-413D-B312-BBE75B176F28}.Debug|x86.Build.0 = Debug|Any CPU
		{F0071606-4045-413D-B312-BBE75B176F28}.Release|Any CPU.ActiveCfg = Release|Any CPU
		{F0071606-4045-413D-B312-BBE75B176F28}.Release|Any CPU.Build.0 = Release|Any CPU
		{F0071606-4045-413D-B312-BBE75B176F28}.Release|x64.ActiveCfg = Release|Any CPU
		{F0071606-4045-413D-B312-BBE75B176F28}.Release|x64.Build.0 = Release|Any CPU
		{F0071606-4045-413D-B312-BBE75B176F28}.Release|x86.ActiveCfg = Release|Any CPU
		{F0071606-4045-413D-B312-BBE75B176F28}.Release|x86.Build.0 = Release|Any CPU
		{87D651AE-481F-48CE-AA51-5856A3B26484}.Debug|Any CPU.ActiveCfg = Debug|Any CPU
		{87D651AE-481F-48CE-AA51-5856A3B26484}.Debug|Any CPU.Build.0 = Debug|Any CPU
		{87D651AE-481F-48CE-AA51-5856A3B26484}.Debug|x64.ActiveCfg = Debug|Any CPU
		{87D651AE-481F-48CE-AA51-5856A3B26484}.Debug|x64.Build.0 = Debug|Any CPU
		{87D651AE-481F-48CE-AA51-5856A3B26484}.Debug|x86.ActiveCfg = Debug|Any CPU
		{87D651AE-481F-48CE-AA51-5856A3B26484}.Debug|x86.Build.0 = Debug|Any CPU
		{87D651AE-481F-48CE-AA51-5856A3B26484}.Release|Any CPU.ActiveCfg = Release|Any CPU
		{87D651AE-481F-48CE-AA51-5856A3B26484}.Release|Any CPU.Build.0 = Release|Any CPU
		{87D651AE-481F-48CE-AA51-5856A3B26484}.Release|x64.ActiveCfg = Release|Any CPU
		{87D651AE-481F-48CE-AA51-5856A3B26484}.Release|x64.Build.0 = Release|Any CPU
		{87D651AE-481F-48CE-AA51-5856A3B26484}.Release|x86.ActiveCfg = Release|Any CPU
		{87D651AE-481F-48CE-AA51-5856A3B26484}.Release|x86.Build.0 = Release|Any CPU
		{5D97B088-07CD-44D6-BD0C-9CC95540058B}.Debug|Any CPU.ActiveCfg = Debug|Any CPU
		{5D97B088-07CD-44D6-BD0C-9CC95540058B}.Debug|Any CPU.Build.0 = Debug|Any CPU
		{5D97B088-07CD-44D6-BD0C-9CC95540058B}.Debug|x64.ActiveCfg = Debug|Any CPU
		{5D97B088-07CD-44D6-BD0C-9CC95540058B}.Debug|x64.Build.0 = Debug|Any CPU
		{5D97B088-07CD-44D6-BD0C-9CC95540058B}.Debug|x86.ActiveCfg = Debug|Any CPU
		{5D97B088-07CD-44D6-BD0C-9CC95540058B}.Debug|x86.Build.0 = Debug|Any CPU
		{5D97B088-07CD-44D6-BD0C-9CC95540058B}.Release|Any CPU.ActiveCfg = Release|Any CPU
		{5D97B088-07CD-44D6-BD0C-9CC95540058B}.Release|Any CPU.Build.0 = Release|Any CPU
		{5D97B088-07CD-44D6-BD0C-9CC95540058B}.Release|x64.ActiveCfg = Release|Any CPU
		{5D97B088-07CD-44D6-BD0C-9CC95540058B}.Release|x64.Build.0 = Release|Any CPU
		{5D97B088-07CD-44D6-BD0C-9CC95540058B}.Release|x86.ActiveCfg = Release|Any CPU
		{5D97B088-07CD-44D6-BD0C-9CC95540058B}.Release|x86.Build.0 = Release|Any CPU
		{B909910F-E290-44D4-A4A9-B982FB2E91BB}.Debug|Any CPU.ActiveCfg = Debug|Any CPU
		{B909910F-E290-44D4-A4A9-B982FB2E91BB}.Debug|Any CPU.Build.0 = Debug|Any CPU
		{B909910F-E290-44D4-A4A9-B982FB2E91BB}.Debug|x64.ActiveCfg = Debug|Any CPU
		{B909910F-E290-44D4-A4A9-B982FB2E91BB}.Debug|x64.Build.0 = Debug|Any CPU
		{B909910F-E290-44D4-A4A9-B982FB2E91BB}.Debug|x86.ActiveCfg = Debug|Any CPU
		{B909910F-E290-44D4-A4A9-B982FB2E91BB}.Debug|x86.Build.0 = Debug|Any CPU
		{B909910F-E290-44D4-A4A9-B982FB2E91BB}.Release|Any CPU.ActiveCfg = Release|Any CPU
		{B909910F-E290-44D4-A4A9-B982FB2E91BB}.Release|Any CPU.Build.0 = Release|Any CPU
		{B909910F-E290-44D4-A4A9-B982FB2E91BB}.Release|x64.ActiveCfg = Release|Any CPU
		{B909910F-E290-44D4-A4A9-B982FB2E91BB}.Release|x64.Build.0 = Release|Any CPU
		{B909910F-E290-44D4-A4A9-B982FB2E91BB}.Release|x86.ActiveCfg = Release|Any CPU
		{B909910F-E290-44D4-A4A9-B982FB2E91BB}.Release|x86.Build.0 = Release|Any CPU
		{45A1BD64-6A0C-4F9B-9C80-E7C83CD2C064}.Debug|Any CPU.ActiveCfg = Debug|Any CPU
		{45A1BD64-6A0C-4F9B-9C80-E7C83CD2C064}.Debug|Any CPU.Build.0 = Debug|Any CPU
		{45A1BD64-6A0C-4F9B-9C80-E7C83CD2C064}.Debug|x64.ActiveCfg = Debug|Any CPU
		{45A1BD64-6A0C-4F9B-9C80-E7C83CD2C064}.Debug|x64.Build.0 = Debug|Any CPU
		{45A1BD64-6A0C-4F9B-9C80-E7C83CD2C064}.Debug|x86.ActiveCfg = Debug|Any CPU
		{45A1BD64-6A0C-4F9B-9C80-E7C83CD2C064}.Debug|x86.Build.0 = Debug|Any CPU
		{45A1BD64-6A0C-4F9B-9C80-E7C83CD2C064}.Release|Any CPU.ActiveCfg = Release|Any CPU
		{45A1BD64-6A0C-4F9B-9C80-E7C83CD2C064}.Release|Any CPU.Build.0 = Release|Any CPU
		{45A1BD64-6A0C-4F9B-9C80-E7C83CD2C064}.Release|x64.ActiveCfg = Release|Any CPU
		{45A1BD64-6A0C-4F9B-9C80-E7C83CD2C064}.Release|x64.Build.0 = Release|Any CPU
		{45A1BD64-6A0C-4F9B-9C80-E7C83CD2C064}.Release|x86.ActiveCfg = Release|Any CPU
		{45A1BD64-6A0C-4F9B-9C80-E7C83CD2C064}.Release|x86.Build.0 = Release|Any CPU
		{815213B9-971A-4A3D-A705-865BA6FAED6C}.Debug|Any CPU.ActiveCfg = Debug|Any CPU
		{815213B9-971A-4A3D-A705-865BA6FAED6C}.Debug|Any CPU.Build.0 = Debug|Any CPU
		{815213B9-971A-4A3D-A705-865BA6FAED6C}.Debug|x64.ActiveCfg = Debug|Any CPU
		{815213B9-971A-4A3D-A705-865BA6FAED6C}.Debug|x64.Build.0 = Debug|Any CPU
		{815213B9-971A-4A3D-A705-865BA6FAED6C}.Debug|x86.ActiveCfg = Debug|Any CPU
		{815213B9-971A-4A3D-A705-865BA6FAED6C}.Debug|x86.Build.0 = Debug|Any CPU
		{815213B9-971A-4A3D-A705-865BA6FAED6C}.Release|Any CPU.ActiveCfg = Release|Any CPU
		{815213B9-971A-4A3D-A705-865BA6FAED6C}.Release|Any CPU.Build.0 = Release|Any CPU
		{815213B9-971A-4A3D-A705-865BA6FAED6C}.Release|x64.ActiveCfg = Release|Any CPU
		{815213B9-971A-4A3D-A705-865BA6FAED6C}.Release|x64.Build.0 = Release|Any CPU
		{815213B9-971A-4A3D-A705-865BA6FAED6C}.Release|x86.ActiveCfg = Release|Any CPU
		{815213B9-971A-4A3D-A705-865BA6FAED6C}.Release|x86.Build.0 = Release|Any CPU
		{6165659C-79AB-4E66-BE72-9F5875F2CA7C}.Debug|Any CPU.ActiveCfg = Debug|Any CPU
		{6165659C-79AB-4E66-BE72-9F5875F2CA7C}.Debug|Any CPU.Build.0 = Debug|Any CPU
		{6165659C-79AB-4E66-BE72-9F5875F2CA7C}.Debug|x64.ActiveCfg = Debug|Any CPU
		{6165659C-79AB-4E66-BE72-9F5875F2CA7C}.Debug|x64.Build.0 = Debug|Any CPU
		{6165659C-79AB-4E66-BE72-9F5875F2CA7C}.Debug|x86.ActiveCfg = Debug|Any CPU
		{6165659C-79AB-4E66-BE72-9F5875F2CA7C}.Debug|x86.Build.0 = Debug|Any CPU
		{6165659C-79AB-4E66-BE72-9F5875F2CA7C}.Release|Any CPU.ActiveCfg = Release|Any CPU
		{6165659C-79AB-4E66-BE72-9F5875F2CA7C}.Release|Any CPU.Build.0 = Release|Any CPU
		{6165659C-79AB-4E66-BE72-9F5875F2CA7C}.Release|x64.ActiveCfg = Release|Any CPU
		{6165659C-79AB-4E66-BE72-9F5875F2CA7C}.Release|x64.Build.0 = Release|Any CPU
		{6165659C-79AB-4E66-BE72-9F5875F2CA7C}.Release|x86.ActiveCfg = Release|Any CPU
		{6165659C-79AB-4E66-BE72-9F5875F2CA7C}.Release|x86.Build.0 = Release|Any CPU
		{33C240E9-593B-453F-9741-69C92E841A9B}.Debug|Any CPU.ActiveCfg = Debug|Any CPU
		{33C240E9-593B-453F-9741-69C92E841A9B}.Debug|Any CPU.Build.0 = Debug|Any CPU
		{33C240E9-593B-453F-9741-69C92E841A9B}.Debug|x64.ActiveCfg = Debug|Any CPU
		{33C240E9-593B-453F-9741-69C92E841A9B}.Debug|x64.Build.0 = Debug|Any CPU
		{33C240E9-593B-453F-9741-69C92E841A9B}.Debug|x86.ActiveCfg = Debug|Any CPU
		{33C240E9-593B-453F-9741-69C92E841A9B}.Debug|x86.Build.0 = Debug|Any CPU
		{33C240E9-593B-453F-9741-69C92E841A9B}.Release|Any CPU.ActiveCfg = Release|Any CPU
		{33C240E9-593B-453F-9741-69C92E841A9B}.Release|Any CPU.Build.0 = Release|Any CPU
		{33C240E9-593B-453F-9741-69C92E841A9B}.Release|x64.ActiveCfg = Release|Any CPU
		{33C240E9-593B-453F-9741-69C92E841A9B}.Release|x64.Build.0 = Release|Any CPU
		{33C240E9-593B-453F-9741-69C92E841A9B}.Release|x86.ActiveCfg = Release|Any CPU
		{33C240E9-593B-453F-9741-69C92E841A9B}.Release|x86.Build.0 = Release|Any CPU
		{85D7CD03-34E4-4663-B2BE-85A3175567C5}.Debug|Any CPU.ActiveCfg = Debug|Any CPU
		{85D7CD03-34E4-4663-B2BE-85A3175567C5}.Debug|Any CPU.Build.0 = Debug|Any CPU
		{85D7CD03-34E4-4663-B2BE-85A3175567C5}.Debug|x64.ActiveCfg = Debug|Any CPU
		{85D7CD03-34E4-4663-B2BE-85A3175567C5}.Debug|x64.Build.0 = Debug|Any CPU
		{85D7CD03-34E4-4663-B2BE-85A3175567C5}.Debug|x86.ActiveCfg = Debug|Any CPU
		{85D7CD03-34E4-4663-B2BE-85A3175567C5}.Debug|x86.Build.0 = Debug|Any CPU
		{85D7CD03-34E4-4663-B2BE-85A3175567C5}.Release|Any CPU.ActiveCfg = Release|Any CPU
		{85D7CD03-34E4-4663-B2BE-85A3175567C5}.Release|Any CPU.Build.0 = Release|Any CPU
		{85D7CD03-34E4-4663-B2BE-85A3175567C5}.Release|x64.ActiveCfg = Release|Any CPU
		{85D7CD03-34E4-4663-B2BE-85A3175567C5}.Release|x64.Build.0 = Release|Any CPU
		{85D7CD03-34E4-4663-B2BE-85A3175567C5}.Release|x86.ActiveCfg = Release|Any CPU
		{85D7CD03-34E4-4663-B2BE-85A3175567C5}.Release|x86.Build.0 = Release|Any CPU
	EndGlobalSection
	GlobalSection(SolutionProperties) = preSolution
		HideSolutionNode = FALSE
	EndGlobalSection
	GlobalSection(NestedProjects) = preSolution
		{FE2D4376-2132-4E23-A82E-4CCF78AD5D9B} = {827E0CD3-B72D-47B6-A68D-7590B98EB39B}
		{204F073C-3BE4-4224-A138-1F01CF524853} = {827E0CD3-B72D-47B6-A68D-7590B98EB39B}
		{2C27C509-7904-426B-9D0E-46CF8D37BB9B} = {827E0CD3-B72D-47B6-A68D-7590B98EB39B}
		{DE6FCEC0-8BFE-49C2-97B1-2FA211421F10} = {827E0CD3-B72D-47B6-A68D-7590B98EB39B}
		{9ADD58AA-CDBA-4DC6-9515-7BBEC335860B} = {827E0CD3-B72D-47B6-A68D-7590B98EB39B}
		{0EA1FCFA-45D4-4528-94E4-9395DE9512BB} = {827E0CD3-B72D-47B6-A68D-7590B98EB39B}
		{DABC38F6-9A74-4970-B8B0-1A2B0F3A9ED7} = {827E0CD3-B72D-47B6-A68D-7590B98EB39B}
		{F0071606-4045-413D-B312-BBE75B176F28} = {827E0CD3-B72D-47B6-A68D-7590B98EB39B}
		{87D651AE-481F-48CE-AA51-5856A3B26484} = {827E0CD3-B72D-47B6-A68D-7590B98EB39B}
		{5D97B088-07CD-44D6-BD0C-9CC95540058B} = {827E0CD3-B72D-47B6-A68D-7590B98EB39B}
		{B909910F-E290-44D4-A4A9-B982FB2E91BB} = {827E0CD3-B72D-47B6-A68D-7590B98EB39B}
		{45A1BD64-6A0C-4F9B-9C80-E7C83CD2C064} = {0AB3BF05-4346-4AA6-1389-037BE0695223}
		{815213B9-971A-4A3D-A705-865BA6FAED6C} = {0AB3BF05-4346-4AA6-1389-037BE0695223}
		{6165659C-79AB-4E66-BE72-9F5875F2CA7C} = {0AB3BF05-4346-4AA6-1389-037BE0695223}
		{33C240E9-593B-453F-9741-69C92E841A9B} = {827E0CD3-B72D-47B6-A68D-7590B98EB39B}
		{02246D07-300E-4E0B-AA31-DFCC167CDAD7} = {827E0CD3-B72D-47B6-A68D-7590B98EB39B}
		{727D7FB6-45E6-4A3B-8ECC-48C79983AF5C} = {02246D07-300E-4E0B-AA31-DFCC167CDAD7}
		{85D7CD03-34E4-4663-B2BE-85A3175567C5} = {727D7FB6-45E6-4A3B-8ECC-48C79983AF5C}
	EndGlobalSection
	GlobalSection(ExtensibilityGlobals) = postSolution
		SolutionGuid = {827A0F0E-FD18-40AE-AEEF-D77DFC881BC3}
	EndGlobalSection
EndGlobal
